
Microsoft Visual Studio Solution File, Format Version 12.00
# Visual Studio Version 16
VisualStudioVersion = 16.0.30114.105
MinimumVisualStudioVersion = 10.0.40219.1
Project("{FAE04EC0-301F-11D3-BF4B-00C04F79EFBC}") = "DzienniczekLibrary", "DzienniczekLibrary\DzienniczekLibrary.csproj", "{0A74BEE2-95E2-4FBB-A11E-9EC3F670EF7C}"
EndProject
Project("{9A19103F-16F7-4668-BE54-9A1E7A4F7556}") = "DzienniczekUI", "DzienniczekUI\DzienniczekUI.csproj", "{2085C06E-8C44-4B52-B381-A6D30E4B9A39}"
	ProjectSection(ProjectDependencies) = postProject
		{0A74BEE2-95E2-4FBB-A11E-9EC3F670EF7C} = {0A74BEE2-95E2-4FBB-A11E-9EC3F670EF7C}
	EndProjectSection
EndProject
Global
	GlobalSection(SolutionConfigurationPlatforms) = preSolution
		Debug|Any CPU = Debug|Any CPU
		Release|Any CPU = Release|Any CPU
	EndGlobalSection
	GlobalSection(ProjectConfigurationPlatforms) = postSolution
		{0A74BEE2-95E2-4FBB-A11E-9EC3F670EF7C}.Debug|Any CPU.ActiveCfg = Debug|Any CPU
		{0A74BEE2-95E2-4FBB-A11E-9EC3F670EF7C}.Debug|Any CPU.Build.0 = Debug|Any CPU
		{0A74BEE2-95E2-4FBB-A11E-9EC3F670EF7C}.Release|Any CPU.ActiveCfg = Release|Any CPU
		{0A74BEE2-95E2-4FBB-A11E-9EC3F670EF7C}.Release|Any CPU.Build.0 = Release|Any CPU
		{2085C06E-8C44-4B52-B381-A6D30E4B9A39}.Debug|Any CPU.ActiveCfg = Debug|Any CPU
		{2085C06E-8C44-4B52-B381-A6D30E4B9A39}.Debug|Any CPU.Build.0 = Debug|Any CPU
		{2085C06E-8C44-4B52-B381-A6D30E4B9A39}.Release|Any CPU.ActiveCfg = Release|Any CPU
		{2085C06E-8C44-4B52-B381-A6D30E4B9A39}.Release|Any CPU.Build.0 = Release|Any CPU
	EndGlobalSection
	GlobalSection(SolutionProperties) = preSolution
		HideSolutionNode = FALSE
	EndGlobalSection
	GlobalSection(ExtensibilityGlobals) = postSolution
		SolutionGuid = {45794D0A-99CD-4B96-963D-D8CB6F9D0F93}
	EndGlobalSection
EndGlobal
